
Microsoft Visual Studio Solution File, Format Version 12.00
# Visual Studio Version 18
VisualStudioVersion = 18.4.11605.240 stable
MinimumVisualStudioVersion = 10.0.40219.1
Project("{FAE04EC0-301F-11D3-BF4B-00C04F79EFBC}") = "OTC.Api", "OTC.Api.csproj", "{0B8885E3-3359-77ED-D45C-3BDC01039421}"
EndProject
Global
	GlobalSection(SolutionConfigurationPlatforms) = preSolution
		Debug|Any CPU = Debug|Any CPU
		Release|Any CPU = Release|Any CPU
	EndGlobalSection
	GlobalSection(ProjectConfigurationPlatforms) = postSolution
		{0B8885E3-3359-77ED-D45C-3BDC01039421}.Debug|Any CPU.ActiveCfg = Debug|Any CPU
		{0B8885E3-3359-77ED-D45C-3BDC01039421}.Debug|Any CPU.Build.0 = Debug|Any CPU
		{0B8885E3-3359-77ED-D45C-3BDC01039421}.Release|Any CPU.ActiveCfg = Release|Any CPU
		{0B8885E3-3359-77ED-D45C-3BDC01039421}.Release|Any CPU.Build.0 = Release|Any CPU
	EndGlobalSection
	GlobalSection(SolutionProperties) = preSolution
		HideSolutionNode = FALSE
	EndGlobalSection
	GlobalSection(ExtensibilityGlobals) = postSolution
		SolutionGuid = {5A423436-FB7F-48DD-838D-D3FAADA17D74}
	EndGlobalSection
EndGlobal
